// !$*UTF8*$!
{
	archiveVersion = 1;
	classes = {
	};
	objectVersion = 46;
	objects = {

/* Begin PBXBuildFile section */
		B66512DA1C57EB6700EF91D5 /* AppDelegate.swift in Sources */ = {isa = PBXBuildFile; fileRef = B66512D91C57EB6700EF91D5 /* AppDelegate.swift */; };
		B66512DF1C57EB6700EF91D5 /* Main.storyboard in Resources */ = {isa = PBXBuildFile; fileRef = B66512DD1C57EB6700EF91D5 /* Main.storyboard */; };
		B66512E11C57EB6700EF91D5 /* Assets.xcassets in Resources */ = {isa = PBXBuildFile; fileRef = B66512E01C57EB6700EF91D5 /* Assets.xcassets */; };
		B66512E41C57EB6700EF91D5 /* LaunchScreen.storyboard in Resources */ = {isa = PBXBuildFile; fileRef = B66512E21C57EB6700EF91D5 /* LaunchScreen.storyboard */; };
		B66512EC1C57EBEE00EF91D5 /* MoviesViewController.swift in Sources */ = {isa = PBXBuildFile; fileRef = B66512EB1C57EBEE00EF91D5 /* MoviesViewController.swift */; };
/* End PBXBuildFile section */

/* Begin PBXFileReference section */
		B66512D61C57EB6700EF91D5 /* MovieViewer.app */ = {isa = PBXFileReference; explicitFileType = wrapper.application; includeInIndex = 0; path = MovieViewer.app; sourceTree = BUILT_PRODUCTS_DIR; };
		B66512D91C57EB6700EF91D5 /* AppDelegate.swift */ = {isa = PBXFileReference; lastKnownFileType = sourcecode.swift; path = AppDelegate.swift; sourceTree = "<group>"; };
		B66512DE1C57EB6700EF91D5 /* Base */ = {isa = PBXFileReference; lastKnownFileType = file.storyboard; name = Base; path = Base.lproj/Main.storyboard; sourceTree = "<group>"; };
		B66512E01C57EB6700EF91D5 /* Assets.xcassets */ = {isa = PBXFileReference; lastKnownFileType = folder.assetcatalog; path = Assets.xcassets; sourceTree = "<group>"; };
		B66512E31C57EB6700EF91D5 /* Base */ = {isa = PBXFileReference; lastKnownFileType = file.storyboard; name = Base; path = Base.lproj/LaunchScreen.storyboard; sourceTree = "<group>"; };
		B66512E51C57EB6700EF91D5 /* Info.plist */ = {isa = PBXFileReference; lastKnownFileType = text.plist.xml; path = Info.plist; sourceTree = "<group>"; };
		B66512EB1C57EBEE00EF91D5 /* MoviesViewController.swift */ = {isa = PBXFileReference; fileEncoding = 4; lastKnownFileType = sourcecode.swift; path = MoviesViewController.swift; sourceTree = "<group>"; };
/* End PBXFileReference section */

/* Begin PBXFrameworksBuildPhase section */
		B66512D31C57EB6700EF91D5 /* Frameworks */ = {
			isa = PBXFrameworksBuildPhase;
			buildActionMask = 2147483647;
			files = (
			);
			runOnlyForDeploymentPostprocessing = 0;
		};
/* End PBXFrameworksBuildPhase section */

/* Begin PBXGroup section */
		B66512CD1C57EB6700EF91D5 = {
			isa = PBXGroup;
			children = (
				B66512D81C57EB6700EF91D5 /* MovieViewer */,
				B66512D71C57EB6700EF91D5 /* Products */,
			);
			sourceTree = "<group>";
		};
		B66512D71C57EB6700EF91D5 /* Products */ = {
			isa = PBXGroup;
			children = (
				B66512D61C57EB6700EF91D5 /* MovieViewer.app */,
			);
			name = Products;
			sourceTree = "<group>";
		};
		B66512D81C57EB6700EF91D5 /* MovieViewer */ = {
			isa = PBXGroup;
			children = (
				B66512D91C57EB6700EF91D5 /* AppDelegate.swift */,
				B66512DD1C57EB6700EF91D5 /* Main.storyboard */,
				B66512E01C57EB6700EF91D5 /* Assets.xcassets */,
				B66512E21C57EB6700EF91D5 /* LaunchScreen.storyboard */,
				B66512E51C57EB6700EF91D5 /* Info.plist */,
				B66512EB1C57EBEE00EF91D5 /* MoviesViewController.swift */,
			);
			path = MovieViewer;
			sourceTree = "<group>";
		};
/* End PBXGroup section */

/* Begin PBXNativeTarget section */
		B66512D51C57EB6700EF91D5 /* MovieViewer */ = {
			isa = PBXNativeTarget;
			buildConfigurationList = B66512E81C57EB6700EF91D5 /* Build configuration list for PBXNativeTarget "MovieViewer" */;
			buildPhases = (
				B66512D21C57EB6700EF91D5 /* Sources */,
				B66512D31C57EB6700EF91D5 /* Frameworks */,
				B66512D41C57EB6700EF91D5 /* Resources */,
			);
			buildRules = (
			);
			dependencies = (
			);
			name = MovieViewer;
			productName = MovieViewer;
			productReference = B66512D61C57EB6700EF91D5 /* MovieViewer.app */;
			productType = "com.apple.product-type.application";
		};
/* End PBXNativeTarget section */

/* Begin PBXProject section */
		B66512CE1C57EB6700EF91D5 /* Project object */ = {
			isa = PBXProject;
			attributes = {
				LastSwiftUpdateCheck = 0720;
				LastUpgradeCheck = 0720;
				ORGANIZATIONNAME = "Michelle Gu";
				TargetAttributes = {
					B66512D51C57EB6700EF91D5 = {
						CreatedOnToolsVersion = 7.2;
					};
				};
			};
			buildConfigurationList = B66512D11C57EB6700EF91D5 /* Build configuration list for PBXProject "MovieViewer" */;
			compatibilityVersion = "Xcode 3.2";
			developmentRegion = English;
			hasScannedForEncodings = 0;
			knownRegions = (
				en,
				Base,
			);
			mainGroup = B66512CD1C57EB6700EF91D5;
			productRefGroup = B66512D71C57EB6700EF91D5 /* Products */;
			projectDirPath = "";
			projectRoot = "";
			targets = (
				B66512D51C57EB6700EF91D5 /* MovieViewer */,
			);
		};
/* End PBXProject section */

/* Begin PBXResourcesBuildPhase section */
		B66512D41C57EB6700EF91D5 /* Resources */ = {
			isa = PBXResourcesBuildPhase;
			buildActionMask = 2147483647;
			files = (
				B66512E41C57EB6700EF91D5 /* LaunchScreen.storyboard in Resources */,
				B66512E11C57EB6700EF91D5 /* Assets.xcassets in Resources */,
				B66512DF1C57EB6700EF91D5 /* Main.storyboard in Resources */,
			);
			runOnlyForDeploymentPostprocessing = 0;
		};
/* End PBXResourcesBuildPhase section */

/* Begin PBXSourcesBuildPhase section */
		B66512D21C57EB6700EF91D5 /* Sources */ = {
			isa = PBXSourcesBuildPhase;
			buildActionMask = 2147483647;
			files = (
				B66512DA1C57EB6700EF91D5 /* AppDelegate.swift in Sources */,
				B66512EC1C57EBEE00EF91D5 /* MoviesViewController.swift in Sources */,
			);
			runOnlyForDeploymentPostprocessing = 0;
		};
/* End PBXSourcesBuildPhase section */

/* Begin PBXVariantGroup section */
		B66512DD1C57EB6700EF91D5 /* Main.storyboard */ = {
			isa = PBXVariantGroup;
			children = (
				B66512DE1C57EB6700EF91D5 /* Base */,
			);
			name = Main.storyboard;
			sourceTree = "<group>";
		};
		B66512E21C57EB6700EF91D5 /* LaunchScreen.storyboard */ = {
			isa = PBXVariantGroup;
			children = (
				B66512E31C57EB6700EF91D5 /* Base */,
			);
			name = LaunchScreen.storyboard;
			sourceTree = "<group>";
		};
/* End PBXVariantGroup section */

/* Begin XCBuildConfiguration section */
		B66512E61C57EB6700EF91D5 /* Debug */ = {
			isa = XCBuildConfiguration;
			buildSettings = {
				ALWAYS_SEARCH_USER_PATHS = NO;
				CLANG_CXX_LANGUAGE_STANDARD = "gnu++0x";
				CLANG_CXX_LIBRARY = "libc++";
				CLANG_ENABLE_MODULES = YES;
				CLANG_ENABLE_OBJC_ARC = YES;
				CLANG_WARN_BOOL_CONVERSION = YES;
				CLANG_WARN_CONSTANT_CONVERSION = YES;
				CLANG_WARN_DIRECT_OBJC_ISA_USAGE = YES_ERROR;
				CLANG_WARN_EMPTY_BODY = YES;
				CLANG_WARN_ENUM_CONVERSION = YES;
				CLANG_WARN_INT_CONVERSION = YES;
				CLANG_WARN_OBJC_ROOT_CLASS = YES_ERROR;
				CLANG_WARN_UNREACHABLE_CODE = YES;
				CLANG_WARN__DUPLICATE_METHOD_MATCH = YES;
				"CODE_SIGN_IDENTITY[sdk=iphoneos*]" = "iPhone Developer";
				COPY_PHASE_STRIP = NO;
				DEBUG_INFORMATION_FORMAT = dwarf;
				ENABLE_STRICT_OBJC_MSGSEND = YES;
				ENABLE_TESTABILITY = YES;
				GCC_C_LANGUAGE_STANDARD = gnu99;
				GCC_DYNAMIC_NO_PIC = NO;
				GCC_NO_COMMON_BLOCKS = YES;
				GCC_OPTIMIZATION_LEVEL = 0;
				GCC_PREPROCESSOR_DEFINITIONS = (
					"DEBUG=1",
					"$(inherited)",
				);
				GCC_WARN_64_TO_32_BIT_CONVERSION = YES;
				GCC_WARN_ABOUT_RETURN_TYPE = YES_ERROR;
				GCC_WARN_UNDECLARED_SELECTOR = YES;
				GCC_WARN_UNINITIALIZED_AUTOS = YES_AGGRESSIVE;
				GCC_WARN_UNUSED_FUNCTION = YES;
				GCC_WARN_UNUSED_VARIABLE = YES;
				IPHONEOS_DEPLOYMENT_TARGET = 9.2;
				MTL_ENABLE_DEBUG_INFO = YES;
				ONLY_ACTIVE_ARCH = YES;
				SDKROOT = iphoneos;
				SWIFT_OPTIMIZATION_LEVEL = "-Onone";
				TARGETED_DEVICE_FAMILY = "1,2";
			};
			name = Debug;
		};
		B66512E71C57EB6700EF91D5 /* Release */ = {
			isa = XCBuildConfiguration;
			buildSettings = {
				ALWAYS_SEARCH_USER_PATHS = NO;
				CLANG_CXX_LANGUAGE_STANDARD = "gnu++0x";
				CLANG_CXX_LIBRARY = "libc++";
				CLANG_ENABLE_MODULES = YES;
				CLANG_ENABLE_OBJC_ARC = YES;
				CLANG_WARN_BOOL_CONVERSION = YES;
				CLANG_WARN_CONSTANT_CONVERSION = YES;
				CLANG_WARN_DIRECT_OBJC_ISA_USAGE = YES_ERROR;
				CLANG_WARN_EMPTY_BODY = YES;
				CLANG_WARN_ENUM_CONVERSION = YES;
				CLANG_WARN_INT_CONVERSION = YES;
				CLANG_WARN_OBJC_ROOT_CLASS = YES_ERROR;
				CLANG_WARN_UNREACHABLE_CODE = YES;
				CLANG_WARN__DUPLICATE_METHOD_MATCH = YES;
				"CODE_SIGN_IDENTITY[sdk=iphoneos*]" = "iPhone Developer";
				COPY_PHASE_STRIP = NO;
				DEBUG_INFORMATION_FORMAT = "dwarf-with-dsym";
				ENABLE_NS_ASSERTIONS = NO;
				ENABLE_STRICT_OBJC_MSGSEND = YES;
				GCC_C_LANGUAGE_STANDARD = gnu99;
				GCC_NO_COMMON_BLOCKS = YES;
				GCC_WARN_64_TO_32_BIT_CONVERSION = YES;
				GCC_WARN_ABOUT_RETURN_TYPE = YES_ERROR;
				GCC_WARN_UNDECLARED_SELECTOR = YES;
				GCC_WARN_UNINITIALIZED_AUTOS = YES_AGGRESSIVE;
				GCC_WARN_UNUSED_FUNCTION = YES;
				GCC_WARN_UNUSED_VARIABLE = YES;
				IPHONEOS_DEPLOYMENT_TARGET = 9.2;
				MTL_ENABLE_DEBUG_INFO = NO;
				SDKROOT = iphoneos;
				TARGETED_DEVICE_FAMILY = "1,2";
				VALIDATE_PRODUCT = YES;
			};
			name = Release;
		};
		B66512E91C57EB6700EF91D5 /* Debug */ = {
			isa = XCBuildConfiguration;
			buildSettings = {
				ASSETCATALOG_COMPILER_APPICON_NAME = AppIcon;
				INFOPLIST_FILE = MovieViewer/Info.plist;
				LD_RUNPATH_SEARCH_PATHS = "$(inherited) @executable_path/Frameworks";
				PRODUCT_BUNDLE_IDENTIFIER = "Michelle-Gu.MovieViewer";
				PRODUCT_NAME = "$(TARGET_NAME)";
			};
			name = Debug;
		};
		B66512EA1C57EB6700EF91D5 /* Release */ = {
			isa = XCBuildConfiguration;
			buildSettings = {
				ASSETCATALOG_COMPILER_APPICON_NAME = AppIcon;
				INFOPLIST_FILE = MovieViewer/Info.plist;
				LD_RUNPATH_SEARCH_PATHS = "$(inherited) @executable_path/Frameworks";
				PRODUCT_BUNDLE_IDENTIFIER = "Michelle-Gu.MovieViewer";
				PRODUCT_NAME = "$(TARGET_NAME)";
			};
			name = Release;
		};
/* End XCBuildConfiguration section */

/* Begin XCConfigurationList section */
		B66512D11C57EB6700EF91D5 /* Build configuration list for PBXProject "MovieViewer" */ = {
			isa = XCConfigurationList;
			buildConfigurations = (
				B66512E61C57EB6700EF91D5 /* Debug */,
				B66512E71C57EB6700EF91D5 /* Release */,
			);
			defaultConfigurationIsVisible = 0;
			defaultConfigurationName = Release;
		};
		B66512E81C57EB6700EF91D5 /* Build configuration list for PBXNativeTarget "MovieViewer" */ = {
			isa = XCConfigurationList;
			buildConfigurations = (
				B66512E91C57EB6700EF91D5 /* Debug */,
				B66512EA1C57EB6700EF91D5 /* Release */,
			);
			defaultConfigurationIsVisible = 0;
		};
/* End XCConfigurationList section */
	};
	rootObject = B66512CE1C57EB6700EF91D5 /* Project object */;
}
